
Microsoft Visual Studio Solution File, Format Version 12.00
# Visual Studio 15
VisualStudioVersion = 15.0.27428.2011
MinimumVisualStudioVersion = 10.0.40219.1
Project("{FAE04EC0-301F-11D3-BF4B-00C04F79EFBC}") = "Lab04", "Lab04\Lab04.csproj", "{D3F1FB86-8C10-40AD-80AA-BC24D3B6067A}"
EndProject
Project("{FAE04EC0-301F-11D3-BF4B-00C04F79EFBC}") = "Lab4Test", "Lab4Test\Lab4Test.csproj", "{DB3E44F5-70A5-4BAD-B03C-F0003EFB0B64}"
EndProject
Global
	GlobalSection(SolutionConfigurationPlatforms) = preSolution
		Debug|Any CPU = Debug|Any CPU
		Release|Any CPU = Release|Any CPU
	EndGlobalSection
	GlobalSection(ProjectConfigurationPlatforms) = postSolution
		{D3F1FB86-8C10-40AD-80AA-BC24D3B6067A}.Debug|Any CPU.ActiveCfg = Debug|Any CPU
		{D3F1FB86-8C10-40AD-80AA-BC24D3B6067A}.Debug|Any CPU.Build.0 = Debug|Any CPU
		{D3F1FB86-8C10-40AD-80AA-BC24D3B6067A}.Release|Any CPU.ActiveCfg = Release|Any CPU
		{D3F1FB86-8C10-40AD-80AA-BC24D3B6067A}.Release|Any CPU.Build.0 = Release|Any CPU
		{DB3E44F5-70A5-4BAD-B03C-F0003EFB0B64}.Debug|Any CPU.ActiveCfg = Debug|Any CPU
		{DB3E44F5-70A5-4BAD-B03C-F0003EFB0B64}.Debug|Any CPU.Build.0 = Debug|Any CPU
		{DB3E44F5-70A5-4BAD-B03C-F0003EFB0B64}.Release|Any CPU.ActiveCfg = Release|Any CPU
		{DB3E44F5-70A5-4BAD-B03C-F0003EFB0B64}.Release|Any CPU.Build.0 = Release|Any CPU
	EndGlobalSection
	GlobalSection(SolutionProperties) = preSolution
		HideSolutionNode = FALSE
	EndGlobalSection
	GlobalSection(ExtensibilityGlobals) = postSolution
		SolutionGuid = {36541A00-CE38-4CE8-A52B-AC58237104D9}
	EndGlobalSection
EndGlobal
